// !$*UTF8*$!
{
	archiveVersion = 1;
	classes = {
	};
	objectVersion = 46;
	objects = {

/* Begin PBXBuildFile section */
		03067A531D6F605600718FC5 /* Video.swift in Sources */ = {isa = PBXBuildFile; fileRef = 03067A521D6F605600718FC5 /* Video.swift */; };
		03067A551D6FC4BB00718FC5 /* SettingsLauncher.swift in Sources */ = {isa = PBXBuildFile; fileRef = 03067A541D6FC4BB00718FC5 /* SettingsLauncher.swift */; };
		0336CAD61D752FDD00DB9A1E /* AccountCell.swift in Sources */ = {isa = PBXBuildFile; fileRef = 0336CAD51D752FDD00DB9A1E /* AccountCell.swift */; };
		039915381D6DEC4D0086F3BB /* AppDelegate.swift in Sources */ = {isa = PBXBuildFile; fileRef = 039915371D6DEC4D0086F3BB /* AppDelegate.swift */; };
		0399153A1D6DEC4D0086F3BB /* HomeController.swift in Sources */ = {isa = PBXBuildFile; fileRef = 039915391D6DEC4D0086F3BB /* HomeController.swift */; };
		0399153D1D6DEC4D0086F3BB /* Main.storyboard in Resources */ = {isa = PBXBuildFile; fileRef = 0399153B1D6DEC4D0086F3BB /* Main.storyboard */; };
		039915401D6DEC4D0086F3BB /* ReperioNew.xcdatamodeld in Sources */ = {isa = PBXBuildFile; fileRef = 0399153E1D6DEC4D0086F3BB /* ReperioNew.xcdatamodeld */; };
		039915421D6DEC4D0086F3BB /* Assets.xcassets in Resources */ = {isa = PBXBuildFile; fileRef = 039915411D6DEC4D0086F3BB /* Assets.xcassets */; };
		039915451D6DEC4D0086F3BB /* LaunchScreen.storyboard in Resources */ = {isa = PBXBuildFile; fileRef = 039915431D6DEC4D0086F3BB /* LaunchScreen.storyboard */; };
		0399154E1D6E3EC00086F3BB /* Eextensions.swift in Sources */ = {isa = PBXBuildFile; fileRef = 0399154D1D6E3EC00086F3BB /* Eextensions.swift */; };
		039915511D6E40C90086F3BB /* ReperioCell.swift in Sources */ = {isa = PBXBuildFile; fileRef = 039915501D6E40C90086F3BB /* ReperioCell.swift */; };
		039915541D6E44AE0086F3BB /*  MenuBar.swift in Sources */ = {isa = PBXBuildFile; fileRef = 039915531D6E44AE0086F3BB /*  MenuBar.swift */; };
		03D832931D6FD03B002D0567 /* SettingsCell.swift in Sources */ = {isa = PBXBuildFile; fileRef = 03D832921D6FD03B002D0567 /* SettingsCell.swift */; };
		03D832991D711925002D0567 /* FeedCell.swift in Sources */ = {isa = PBXBuildFile; fileRef = 03D832981D711925002D0567 /* FeedCell.swift */; };
		03D8329C1D720280002D0567 /* ApiService.swift in Sources */ = {isa = PBXBuildFile; fileRef = 03D8329B1D720280002D0567 /* ApiService.swift */; };
		03E6A9171D7256450058AD90 /* TrendingCell.swift in Sources */ = {isa = PBXBuildFile; fileRef = 03E6A9161D7256450058AD90 /* TrendingCell.swift */; };
		03E6A91B1D72792E0058AD90 /* SubscriptionCell.swift in Sources */ = {isa = PBXBuildFile; fileRef = 03E6A91A1D72792E0058AD90 /* SubscriptionCell.swift */; };
/* End PBXBuildFile section */

/* Begin PBXFileReference section */
		03067A521D6F605600718FC5 /* Video.swift */ = {isa = PBXFileReference; fileEncoding = 4; lastKnownFileType = sourcecode.swift; path = Video.swift; sourceTree = "<group>"; };
		03067A541D6FC4BB00718FC5 /* SettingsLauncher.swift */ = {isa = PBXFileReference; fileEncoding = 4; lastKnownFileType = sourcecode.swift; path = SettingsLauncher.swift; sourceTree = "<group>"; };
		0336CAD51D752FDD00DB9A1E /* AccountCell.swift */ = {isa = PBXFileReference; fileEncoding = 4; lastKnownFileType = sourcecode.swift; path = AccountCell.swift; sourceTree = "<group>"; };
		039915341D6DEC4D0086F3BB /* ReperioNew.app */ = {isa = PBXFileReference; explicitFileType = wrapper.application; includeInIndex = 0; path = ReperioNew.app; sourceTree = BUILT_PRODUCTS_DIR; };
		039915371D6DEC4D0086F3BB /* AppDelegate.swift */ = {isa = PBXFileReference; lastKnownFileType = sourcecode.swift; path = AppDelegate.swift; sourceTree = "<group>"; };
		039915391D6DEC4D0086F3BB /* HomeController.swift */ = {isa = PBXFileReference; lastKnownFileType = sourcecode.swift; path = HomeController.swift; sourceTree = "<group>"; };
		0399153C1D6DEC4D0086F3BB /* Base */ = {isa = PBXFileReference; lastKnownFileType = file.storyboard; name = Base; path = Base.lproj/Main.storyboard; sourceTree = "<group>"; };
		0399153F1D6DEC4D0086F3BB /* ReperioNew.xcdatamodel */ = {isa = PBXFileReference; lastKnownFileType = wrapper.xcdatamodel; path = ReperioNew.xcdatamodel; sourceTree = "<group>"; };
		039915411D6DEC4D0086F3BB /* Assets.xcassets */ = {isa = PBXFileReference; lastKnownFileType = folder.assetcatalog; path = Assets.xcassets; sourceTree = "<group>"; };
		039915441D6DEC4D0086F3BB /* Base */ = {isa = PBXFileReference; lastKnownFileType = file.storyboard; name = Base; path = Base.lproj/LaunchScreen.storyboard; sourceTree = "<group>"; };
		039915461D6DEC4D0086F3BB /* Info.plist */ = {isa = PBXFileReference; lastKnownFileType = text.plist.xml; path = Info.plist; sourceTree = "<group>"; };
		0399154D1D6E3EC00086F3BB /* Eextensions.swift */ = {isa = PBXFileReference; fileEncoding = 4; lastKnownFileType = sourcecode.swift; path = Eextensions.swift; sourceTree = "<group>"; };
		039915501D6E40C90086F3BB /* ReperioCell.swift */ = {isa = PBXFileReference; fileEncoding = 4; lastKnownFileType = sourcecode.swift; path = ReperioCell.swift; sourceTree = "<group>"; };
		039915531D6E44AE0086F3BB /*  MenuBar.swift */ = {isa = PBXFileReference; fileEncoding = 4; lastKnownFileType = sourcecode.swift; path = " MenuBar.swift"; sourceTree = "<group>"; };
		03D832921D6FD03B002D0567 /* SettingsCell.swift */ = {isa = PBXFileReference; fileEncoding = 4; lastKnownFileType = sourcecode.swift; path = SettingsCell.swift; sourceTree = "<group>"; };
		03D832981D711925002D0567 /* FeedCell.swift */ = {isa = PBXFileReference; fileEncoding = 4; lastKnownFileType = sourcecode.swift; path = FeedCell.swift; sourceTree = "<group>"; };
		03D8329B1D720280002D0567 /* ApiService.swift */ = {isa = PBXFileReference; fileEncoding = 4; lastKnownFileType = sourcecode.swift; path = ApiService.swift; sourceTree = "<group>"; };
		03E6A9161D7256450058AD90 /* TrendingCell.swift */ = {isa = PBXFileReference; fileEncoding = 4; lastKnownFileType = sourcecode.swift; path = TrendingCell.swift; sourceTree = "<group>"; };
		03E6A91A1D72792E0058AD90 /* SubscriptionCell.swift */ = {isa = PBXFileReference; fileEncoding = 4; lastKnownFileType = sourcecode.swift; path = SubscriptionCell.swift; sourceTree = "<group>"; };
/* End PBXFileReference section */

/* Begin PBXFrameworksBuildPhase section */
		039915311D6DEC4D0086F3BB /* Frameworks */ = {
			isa = PBXFrameworksBuildPhase;
			buildActionMask = 2147483647;
			files = (
			);
			runOnlyForDeploymentPostprocessing = 0;
		};
/* End PBXFrameworksBuildPhase section */

/* Begin PBXGroup section */
		03067A511D6F602A00718FC5 /* Model */ = {
			isa = PBXGroup;
			children = (
				03067A521D6F605600718FC5 /* Video.swift */,
			);
			name = Model;
			sourceTree = "<group>";
		};
		0399152B1D6DEC4C0086F3BB = {
			isa = PBXGroup;
			children = (
				039915361D6DEC4D0086F3BB /* ReperioNew */,
				039915351D6DEC4D0086F3BB /* Products */,
			);
			sourceTree = "<group>";
		};
		039915351D6DEC4D0086F3BB /* Products */ = {
			isa = PBXGroup;
			children = (
				039915341D6DEC4D0086F3BB /* ReperioNew.app */,
			);
			name = Products;
			sourceTree = "<group>";
		};
		039915361D6DEC4D0086F3BB /* ReperioNew */ = {
			isa = PBXGroup;
			children = (
				03D8329A1D720242002D0567 /* APIService */,
				03067A511D6F602A00718FC5 /* Model */,
				0399154F1D6E40780086F3BB /* View */,
				039915521D6E417B0086F3BB /* Controller */,
				0399154C1D6E3E980086F3BB /* Helpers */,
				039915371D6DEC4D0086F3BB /* AppDelegate.swift */,
				0399153B1D6DEC4D0086F3BB /* Main.storyboard */,
				039915411D6DEC4D0086F3BB /* Assets.xcassets */,
				039915431D6DEC4D0086F3BB /* LaunchScreen.storyboard */,
				039915461D6DEC4D0086F3BB /* Info.plist */,
				0399153E1D6DEC4D0086F3BB /* ReperioNew.xcdatamodeld */,
			);
			path = ReperioNew;
			sourceTree = "<group>";
		};
		0399154C1D6E3E980086F3BB /* Helpers */ = {
			isa = PBXGroup;
			children = (
				0399154D1D6E3EC00086F3BB /* Eextensions.swift */,
			);
			name = Helpers;
			sourceTree = "<group>";
		};
		0399154F1D6E40780086F3BB /* View */ = {
			isa = PBXGroup;
			children = (
				039915501D6E40C90086F3BB /* ReperioCell.swift */,
				039915531D6E44AE0086F3BB /*  MenuBar.swift */,
				03D832921D6FD03B002D0567 /* SettingsCell.swift */,
				03D832981D711925002D0567 /* FeedCell.swift */,
				03E6A9161D7256450058AD90 /* TrendingCell.swift */,
				03E6A91A1D72792E0058AD90 /* SubscriptionCell.swift */,
				0336CAD51D752FDD00DB9A1E /* AccountCell.swift */,
			);
			name = View;
			sourceTree = "<group>";
		};
		039915521D6E417B0086F3BB /* Controller */ = {
			isa = PBXGroup;
			children = (
				039915391D6DEC4D0086F3BB /* HomeController.swift */,
				03067A541D6FC4BB00718FC5 /* SettingsLauncher.swift */,
			);
			name = Controller;
			sourceTree = "<group>";
		};
		03D8329A1D720242002D0567 /* APIService */ = {
			isa = PBXGroup;
			children = (
				03D8329B1D720280002D0567 /* ApiService.swift */,
			);
			name = APIService;
			sourceTree = "<group>";
		};
/* End PBXGroup section */

/* Begin PBXNativeTarget section */
		039915331D6DEC4D0086F3BB /* ReperioNew */ = {
			isa = PBXNativeTarget;
			buildConfigurationList = 039915491D6DEC4D0086F3BB /* Build configuration list for PBXNativeTarget "ReperioNew" */;
			buildPhases = (
				039915301D6DEC4D0086F3BB /* Sources */,
				039915311D6DEC4D0086F3BB /* Frameworks */,
				039915321D6DEC4D0086F3BB /* Resources */,
			);
			buildRules = (
			);
			dependencies = (
			);
			name = ReperioNew;
			productName = ReperioNew;
			productReference = 039915341D6DEC4D0086F3BB /* ReperioNew.app */;
			productType = "com.apple.product-type.application";
		};
/* End PBXNativeTarget section */

/* Begin PBXProject section */
		0399152C1D6DEC4C0086F3BB /* Project object */ = {
			isa = PBXProject;
			attributes = {
				LastSwiftUpdateCheck = 0730;
				LastUpgradeCheck = 0730;
				ORGANIZATIONNAME = Om;
				TargetAttributes = {
					039915331D6DEC4D0086F3BB = {
						CreatedOnToolsVersion = 7.3;
						DevelopmentTeam = L9Q35QTGQD;
					};
				};
			};
			buildConfigurationList = 0399152F1D6DEC4D0086F3BB /* Build configuration list for PBXProject "ReperioNew" */;
			compatibilityVersion = "Xcode 3.2";
			developmentRegion = English;
			hasScannedForEncodings = 0;
			knownRegions = (
				en,
				Base,
			);
			mainGroup = 0399152B1D6DEC4C0086F3BB;
			productRefGroup = 039915351D6DEC4D0086F3BB /* Products */;
			projectDirPath = "";
			projectRoot = "";
			targets = (
				039915331D6DEC4D0086F3BB /* ReperioNew */,
			);
		};
/* End PBXProject section */

/* Begin PBXResourcesBuildPhase section */
		039915321D6DEC4D0086F3BB /* Resources */ = {
			isa = PBXResourcesBuildPhase;
			buildActionMask = 2147483647;
			files = (
				039915451D6DEC4D0086F3BB /* LaunchScreen.storyboard in Resources */,
				039915421D6DEC4D0086F3BB /* Assets.xcassets in Resources */,
				0399153D1D6DEC4D0086F3BB /* Main.storyboard in Resources */,
			);
			runOnlyForDeploymentPostprocessing = 0;
		};
/* End PBXResourcesBuildPhase section */

/* Begin PBXSourcesBuildPhase section */
		039915301D6DEC4D0086F3BB /* Sources */ = {
			isa = PBXSourcesBuildPhase;
			buildActionMask = 2147483647;
			files = (
				0399153A1D6DEC4D0086F3BB /* HomeController.swift in Sources */,
				03D832991D711925002D0567 /* FeedCell.swift in Sources */,
				039915401D6DEC4D0086F3BB /* ReperioNew.xcdatamodeld in Sources */,
				03D832931D6FD03B002D0567 /* SettingsCell.swift in Sources */,
				039915381D6DEC4D0086F3BB /* AppDelegate.swift in Sources */,
				0336CAD61D752FDD00DB9A1E /* AccountCell.swift in Sources */,
				0399154E1D6E3EC00086F3BB /* Eextensions.swift in Sources */,
				03E6A91B1D72792E0058AD90 /* SubscriptionCell.swift in Sources */,
				03D8329C1D720280002D0567 /* ApiService.swift in Sources */,
				03067A551D6FC4BB00718FC5 /* SettingsLauncher.swift in Sources */,
				03E6A9171D7256450058AD90 /* TrendingCell.swift in Sources */,
				039915511D6E40C90086F3BB /* ReperioCell.swift in Sources */,
				03067A531D6F605600718FC5 /* Video.swift in Sources */,
				039915541D6E44AE0086F3BB /*  MenuBar.swift in Sources */,
			);
			runOnlyForDeploymentPostprocessing = 0;
		};
/* End PBXSourcesBuildPhase section */

/* Begin PBXVariantGroup section */
		0399153B1D6DEC4D0086F3BB /* Main.storyboard */ = {
			isa = PBXVariantGroup;
			children = (
				0399153C1D6DEC4D0086F3BB /* Base */,
			);
			name = Main.storyboard;
			sourceTree = "<group>";
		};
		039915431D6DEC4D0086F3BB /* LaunchScreen.storyboard */ = {
			isa = PBXVariantGroup;
			children = (
				039915441D6DEC4D0086F3BB /* Base */,
			);
			name = LaunchScreen.storyboard;
			sourceTree = "<group>";
		};
/* End PBXVariantGroup section */

/* Begin XCBuildConfiguration section */
		039915471D6DEC4D0086F3BB /* Debug */ = {
			isa = XCBuildConfiguration;
			buildSettings = {
				ALWAYS_SEARCH_USER_PATHS = NO;
				CLANG_CXX_LANGUAGE_STANDARD = "gnu++0x";
				CLANG_CXX_LIBRARY = "libc++";
				CLANG_ENABLE_MODULES = YES;
				CLANG_ENABLE_OBJC_ARC = YES;
				CLANG_WARN_BOOL_CONVERSION = YES;
				CLANG_WARN_CONSTANT_CONVERSION = YES;
				CLANG_WARN_DIRECT_OBJC_ISA_USAGE = YES_ERROR;
				CLANG_WARN_EMPTY_BODY = YES;
				CLANG_WARN_ENUM_CONVERSION = YES;
				CLANG_WARN_INT_CONVERSION = YES;
				CLANG_WARN_OBJC_ROOT_CLASS = YES_ERROR;
				CLANG_WARN_UNREACHABLE_CODE = YES;
				CLANG_WARN__DUPLICATE_METHOD_MATCH = YES;
				"CODE_SIGN_IDENTITY[sdk=iphoneos*]" = "iPhone Developer";
				COPY_PHASE_STRIP = NO;
				DEBUG_INFORMATION_FORMAT = dwarf;
				ENABLE_STRICT_OBJC_MSGSEND = YES;
				ENABLE_TESTABILITY = YES;
				GCC_C_LANGUAGE_STANDARD = gnu99;
				GCC_DYNAMIC_NO_PIC = NO;
				GCC_NO_COMMON_BLOCKS = YES;
				GCC_OPTIMIZATION_LEVEL = 0;
				GCC_PREPROCESSOR_DEFINITIONS = (
					"DEBUG=1",
					"$(inherited)",
				);
				GCC_WARN_64_TO_32_BIT_CONVERSION = YES;
				GCC_WARN_ABOUT_RETURN_TYPE = YES_ERROR;
				GCC_WARN_UNDECLARED_SELECTOR = YES;
				GCC_WARN_UNINITIALIZED_AUTOS = YES_AGGRESSIVE;
				GCC_WARN_UNUSED_FUNCTION = YES;
				GCC_WARN_UNUSED_VARIABLE = YES;
				IPHONEOS_DEPLOYMENT_TARGET = 9.3;
				MTL_ENABLE_DEBUG_INFO = YES;
				ONLY_ACTIVE_ARCH = YES;
				SDKROOT = iphoneos;
				SWIFT_OPTIMIZATION_LEVEL = "-Onone";
				TARGETED_DEVICE_FAMILY = "1,2";
			};
			name = Debug;
		};
		039915481D6DEC4D0086F3BB /* Release */ = {
			isa = XCBuildConfiguration;
			buildSettings = {
				ALWAYS_SEARCH_USER_PATHS = NO;
				CLANG_CXX_LANGUAGE_STANDARD = "gnu++0x";
				CLANG_CXX_LIBRARY = "libc++";
				CLANG_ENABLE_MODULES = YES;
				CLANG_ENABLE_OBJC_ARC = YES;
				CLANG_WARN_BOOL_CONVERSION = YES;
				CLANG_WARN_CONSTANT_CONVERSION = YES;
				CLANG_WARN_DIRECT_OBJC_ISA_USAGE = YES_ERROR;
				CLANG_WARN_EMPTY_BODY = YES;
				CLANG_WARN_ENUM_CONVERSION = YES;
				CLANG_WARN_INT_CONVERSION = YES;
				CLANG_WARN_OBJC_ROOT_CLASS = YES_ERROR;
				CLANG_WARN_UNREACHABLE_CODE = YES;
				CLANG_WARN__DUPLICATE_METHOD_MATCH = YES;
				"CODE_SIGN_IDENTITY[sdk=iphoneos*]" = "iPhone Developer";
				COPY_PHASE_STRIP = NO;
				DEBUG_INFORMATION_FORMAT = "dwarf-with-dsym";
				ENABLE_NS_ASSERTIONS = NO;
				ENABLE_STRICT_OBJC_MSGSEND = YES;
				GCC_C_LANGUAGE_STANDARD = gnu99;
				GCC_NO_COMMON_BLOCKS = YES;
				GCC_WARN_64_TO_32_BIT_CONVERSION = YES;
				GCC_WARN_ABOUT_RETURN_TYPE = YES_ERROR;
				GCC_WARN_UNDECLARED_SELECTOR = YES;
				GCC_WARN_UNINITIALIZED_AUTOS = YES_AGGRESSIVE;
				GCC_WARN_UNUSED_FUNCTION = YES;
				GCC_WARN_UNUSED_VARIABLE = YES;
				IPHONEOS_DEPLOYMENT_TARGET = 9.3;
				MTL_ENABLE_DEBUG_INFO = NO;
				SDKROOT = iphoneos;
				TARGETED_DEVICE_FAMILY = "1,2";
				VALIDATE_PRODUCT = YES;
			};
			name = Release;
		};
		0399154A1D6DEC4D0086F3BB /* Debug */ = {
			isa = XCBuildConfiguration;
			buildSettings = {
				ASSETCATALOG_COMPILER_APPICON_NAME = AppIcon;
				CODE_SIGN_IDENTITY = "iPhone Developer";
				"CODE_SIGN_IDENTITY[sdk=iphoneos*]" = "iPhone Developer";
				INFOPLIST_FILE = ReperioNew/Info.plist;
				IPHONEOS_DEPLOYMENT_TARGET = 9.3;
				LD_RUNPATH_SEARCH_PATHS = "$(inherited) @executable_path/Frameworks";
				PRODUCT_BUNDLE_IDENTIFIER = "com.omm-apps.ReperioNew";
				PRODUCT_NAME = "$(TARGET_NAME)";
				PROVISIONING_PROFILE = "";
			};
			name = Debug;
		};
		0399154B1D6DEC4D0086F3BB /* Release */ = {
			isa = XCBuildConfiguration;
			buildSettings = {
				ASSETCATALOG_COMPILER_APPICON_NAME = AppIcon;
				CODE_SIGN_IDENTITY = "iPhone Developer";
				"CODE_SIGN_IDENTITY[sdk=iphoneos*]" = "iPhone Developer";
				INFOPLIST_FILE = ReperioNew/Info.plist;
				IPHONEOS_DEPLOYMENT_TARGET = 9.3;
				LD_RUNPATH_SEARCH_PATHS = "$(inherited) @executable_path/Frameworks";
				PRODUCT_BUNDLE_IDENTIFIER = "com.omm-apps.ReperioNew";
				PRODUCT_NAME = "$(TARGET_NAME)";
				PROVISIONING_PROFILE = "";
			};
			name = Release;
		};
/* End XCBuildConfiguration section */

/* Begin XCConfigurationList section */
		0399152F1D6DEC4D0086F3BB /* Build configuration list for PBXProject "ReperioNew" */ = {
			isa = XCConfigurationList;
			buildConfigurations = (
				039915471D6DEC4D0086F3BB /* Debug */,
				039915481D6DEC4D0086F3BB /* Release */,
			);
			defaultConfigurationIsVisible = 0;
			defaultConfigurationName = Release;
		};
		039915491D6DEC4D0086F3BB /* Build configuration list for PBXNativeTarget "ReperioNew" */ = {
			isa = XCConfigurationList;
			buildConfigurations = (
				0399154A1D6DEC4D0086F3BB /* Debug */,
				0399154B1D6DEC4D0086F3BB /* Release */,
			);
			defaultConfigurationIsVisible = 0;
			defaultConfigurationName = Release;
		};
/* End XCConfigurationList section */

/* Begin XCVersionGroup section */
		0399153E1D6DEC4D0086F3BB /* ReperioNew.xcdatamodeld */ = {
			isa = XCVersionGroup;
			children = (
				0399153F1D6DEC4D0086F3BB /* ReperioNew.xcdatamodel */,
			);
			currentVersion = 0399153F1D6DEC4D0086F3BB /* ReperioNew.xcdatamodel */;
			path = ReperioNew.xcdatamodeld;
			sourceTree = "<group>";
			versionGroupType = wrapper.xcdatamodel;
		};
/* End XCVersionGroup section */
	};
	rootObject = 0399152C1D6DEC4C0086F3BB /* Project object */;
}
